schema: '2.0'
stages:
  get_data:
    cmd: python get_data.py
    deps:
    - path: get_data.py
      hash: md5
      md5: 6f96356793259d718f2f0dd6973d3677
      size: 307
    outs:
    - path: data/data_raw.csv
      hash: md5
      md5: 500a0acbd112b7c512929eac892f9864
      size: 4009
  train:
    cmd: python train.py
    deps:
    - path: data/data_raw.csv
      hash: md5
      md5: 500a0acbd112b7c512929eac892f9864
      size: 4009
    - path: train.py
      hash: md5
      md5: 8501e39d205e75e4a9f536048461d164
      size: 873
    outs:
    - path: confusion_matrix.png
      hash: md5
      md5: c6c48beb0098609e713a17c18a3ed0a3
      size: 21540
    - path: metrics.json
      hash: md5
      md5: 484dae7eea13316cdc4bcf54825b3e80
      size: 32
